// !$*UTF8*$!
{
	archiveVersion = 1;
	classes = {
	};
	objectVersion = 50;
	objects = {

/* Begin PBXBuildFile section */
		3CE1B56526F46CF200D639AF /* AppDelegate.swift in Sources */ = {isa = PBXBuildFile; fileRef = 3CE1B56426F46CF200D639AF /* AppDelegate.swift */; };
		3CE1B56726F46CF200D639AF /* SceneDelegate.swift in Sources */ = {isa = PBXBuildFile; fileRef = 3CE1B56626F46CF200D639AF /* SceneDelegate.swift */; };
		3CE1B56926F46CF200D639AF /* AlbumListViewController.swift in Sources */ = {isa = PBXBuildFile; fileRef = 3CE1B56826F46CF200D639AF /* AlbumListViewController.swift */; };
		3CE1B56C26F46CF200D639AF /* Main.storyboard in Resources */ = {isa = PBXBuildFile; fileRef = 3CE1B56A26F46CF200D639AF /* Main.storyboard */; };
		3CE1B56E26F46CF300D639AF /* Assets.xcassets in Resources */ = {isa = PBXBuildFile; fileRef = 3CE1B56D26F46CF300D639AF /* Assets.xcassets */; };
		3CE1B57126F46CF300D639AF /* LaunchScreen.storyboard in Resources */ = {isa = PBXBuildFile; fileRef = 3CE1B56F26F46CF300D639AF /* LaunchScreen.storyboard */; };
		3CE1B57926F474AE00D639AF /* ImageListViewController.swift in Sources */ = {isa = PBXBuildFile; fileRef = 3CE1B57826F474AE00D639AF /* ImageListViewController.swift */; };
		3CE1B57B26F4763100D639AF /* ImageZoomViewController.swift in Sources */ = {isa = PBXBuildFile; fileRef = 3CE1B57A26F4763100D639AF /* ImageZoomViewController.swift */; };
		3CE1B57D26F47C4300D639AF /* AlbumCollectionViewCell.swift in Sources */ = {isa = PBXBuildFile; fileRef = 3CE1B57C26F47C4300D639AF /* AlbumCollectionViewCell.swift */; };
		3CE1B57F26F47C4D00D639AF /* ImageCollectionViewCell.swift in Sources */ = {isa = PBXBuildFile; fileRef = 3CE1B57E26F47C4D00D639AF /* ImageCollectionViewCell.swift */; };
/* End PBXBuildFile section */

/* Begin PBXFileReference section */
		3CE1B56126F46CF200D639AF /* MyAlbum.app */ = {isa = PBXFileReference; explicitFileType = wrapper.application; includeInIndex = 0; path = MyAlbum.app; sourceTree = BUILT_PRODUCTS_DIR; };
		3CE1B56426F46CF200D639AF /* AppDelegate.swift */ = {isa = PBXFileReference; lastKnownFileType = sourcecode.swift; path = AppDelegate.swift; sourceTree = "<group>"; };
		3CE1B56626F46CF200D639AF /* SceneDelegate.swift */ = {isa = PBXFileReference; lastKnownFileType = sourcecode.swift; path = SceneDelegate.swift; sourceTree = "<group>"; };
		3CE1B56826F46CF200D639AF /* AlbumListViewController.swift */ = {isa = PBXFileReference; lastKnownFileType = sourcecode.swift; path = AlbumListViewController.swift; sourceTree = "<group>"; };
		3CE1B56B26F46CF200D639AF /* Base */ = {isa = PBXFileReference; lastKnownFileType = file.storyboard; name = Base; path = Base.lproj/Main.storyboard; sourceTree = "<group>"; };
		3CE1B56D26F46CF300D639AF /* Assets.xcassets */ = {isa = PBXFileReference; lastKnownFileType = folder.assetcatalog; path = Assets.xcassets; sourceTree = "<group>"; };
		3CE1B57026F46CF300D639AF /* Base */ = {isa = PBXFileReference; lastKnownFileType = file.storyboard; name = Base; path = Base.lproj/LaunchScreen.storyboard; sourceTree = "<group>"; };
		3CE1B57226F46CF300D639AF /* Info.plist */ = {isa = PBXFileReference; lastKnownFileType = text.plist.xml; path = Info.plist; sourceTree = "<group>"; };
		3CE1B57826F474AE00D639AF /* ImageListViewController.swift */ = {isa = PBXFileReference; lastKnownFileType = sourcecode.swift; path = ImageListViewController.swift; sourceTree = "<group>"; };
		3CE1B57A26F4763100D639AF /* ImageZoomViewController.swift */ = {isa = PBXFileReference; lastKnownFileType = sourcecode.swift; path = ImageZoomViewController.swift; sourceTree = "<group>"; };
		3CE1B57C26F47C4300D639AF /* AlbumCollectionViewCell.swift */ = {isa = PBXFileReference; lastKnownFileType = sourcecode.swift; path = AlbumCollectionViewCell.swift; sourceTree = "<group>"; };
		3CE1B57E26F47C4D00D639AF /* ImageCollectionViewCell.swift */ = {isa = PBXFileReference; lastKnownFileType = sourcecode.swift; path = ImageCollectionViewCell.swift; sourceTree = "<group>"; };
/* End PBXFileReference section */

/* Begin PBXFrameworksBuildPhase section */
		3CE1B55E26F46CF200D639AF /* Frameworks */ = {
			isa = PBXFrameworksBuildPhase;
			buildActionMask = 2147483647;
			files = (
			);
			runOnlyForDeploymentPostprocessing = 0;
		};
/* End PBXFrameworksBuildPhase section */

/* Begin PBXGroup section */
		3CE1B55826F46CF200D639AF = {
			isa = PBXGroup;
			children = (
				3CE1B56326F46CF200D639AF /* MyAlbum */,
				3CE1B56226F46CF200D639AF /* Products */,
			);
			sourceTree = "<group>";
		};
		3CE1B56226F46CF200D639AF /* Products */ = {
			isa = PBXGroup;
			children = (
				3CE1B56126F46CF200D639AF /* MyAlbum.app */,
			);
			name = Products;
			sourceTree = "<group>";
		};
		3CE1B56326F46CF200D639AF /* MyAlbum */ = {
			isa = PBXGroup;
			children = (
				3CE1B56426F46CF200D639AF /* AppDelegate.swift */,
				3CE1B56626F46CF200D639AF /* SceneDelegate.swift */,
				3CE1B58026F47D4000D639AF /* Views */,
				3CE1B58326F4A5F300D639AF /* View Controllers */,
				3CE1B56A26F46CF200D639AF /* Main.storyboard */,
				3CE1B56D26F46CF300D639AF /* Assets.xcassets */,
				3CE1B56F26F46CF300D639AF /* LaunchScreen.storyboard */,
				3CE1B57226F46CF300D639AF /* Info.plist */,
			);
			path = MyAlbum;
			sourceTree = "<group>";
		};
		3CE1B58026F47D4000D639AF /* Views */ = {
			isa = PBXGroup;
			children = (
				3CE1B58126F47D4600D639AF /* CollectionViewCells */,
			);
			path = Views;
			sourceTree = "<group>";
		};
		3CE1B58126F47D4600D639AF /* CollectionViewCells */ = {
			isa = PBXGroup;
			children = (
				3CE1B57C26F47C4300D639AF /* AlbumCollectionViewCell.swift */,
				3CE1B57E26F47C4D00D639AF /* ImageCollectionViewCell.swift */,
			);
			path = CollectionViewCells;
			sourceTree = "<group>";
		};
		3CE1B58326F4A5F300D639AF /* View Controllers */ = {
			isa = PBXGroup;
			children = (
				3CE1B56826F46CF200D639AF /* AlbumListViewController.swift */,
				3CE1B57826F474AE00D639AF /* ImageListViewController.swift */,
				3CE1B57A26F4763100D639AF /* ImageZoomViewController.swift */,
			);
			path = "View Controllers";
			sourceTree = "<group>";
		};
/* End PBXGroup section */

/* Begin PBXNativeTarget section */
		3CE1B56026F46CF200D639AF /* MyAlbum */ = {
			isa = PBXNativeTarget;
			buildConfigurationList = 3CE1B57526F46CF300D639AF /* Build configuration list for PBXNativeTarget "MyAlbum" */;
			buildPhases = (
				3CE1B55D26F46CF200D639AF /* Sources */,
				3CE1B55E26F46CF200D639AF /* Frameworks */,
				3CE1B55F26F46CF200D639AF /* Resources */,
			);
			buildRules = (
			);
			dependencies = (
			);
			name = MyAlbum;
			productName = MyAlbum;
			productReference = 3CE1B56126F46CF200D639AF /* MyAlbum.app */;
			productType = "com.apple.product-type.application";
		};
/* End PBXNativeTarget section */

/* Begin PBXProject section */
		3CE1B55926F46CF200D639AF /* Project object */ = {
			isa = PBXProject;
			attributes = {
				LastSwiftUpdateCheck = 1250;
				LastUpgradeCheck = 1250;
				TargetAttributes = {
					3CE1B56026F46CF200D639AF = {
						CreatedOnToolsVersion = 12.5.1;
					};
				};
			};
			buildConfigurationList = 3CE1B55C26F46CF200D639AF /* Build configuration list for PBXProject "MyAlbum" */;
			compatibilityVersion = "Xcode 9.3";
			developmentRegion = en;
			hasScannedForEncodings = 0;
			knownRegions = (
				en,
				Base,
			);
			mainGroup = 3CE1B55826F46CF200D639AF;
			productRefGroup = 3CE1B56226F46CF200D639AF /* Products */;
			projectDirPath = "";
			projectRoot = "";
			targets = (
				3CE1B56026F46CF200D639AF /* MyAlbum */,
			);
		};
/* End PBXProject section */

/* Begin PBXResourcesBuildPhase section */
		3CE1B55F26F46CF200D639AF /* Resources */ = {
			isa = PBXResourcesBuildPhase;
			buildActionMask = 2147483647;
			files = (
				3CE1B57126F46CF300D639AF /* LaunchScreen.storyboard in Resources */,
				3CE1B56E26F46CF300D639AF /* Assets.xcassets in Resources */,
				3CE1B56C26F46CF200D639AF /* Main.storyboard in Resources */,
			);
			runOnlyForDeploymentPostprocessing = 0;
		};
/* End PBXResourcesBuildPhase section */

/* Begin PBXSourcesBuildPhase section */
		3CE1B55D26F46CF200D639AF /* Sources */ = {
			isa = PBXSourcesBuildPhase;
			buildActionMask = 2147483647;
			files = (
				3CE1B57D26F47C4300D639AF /* AlbumCollectionViewCell.swift in Sources */,
				3CE1B56926F46CF200D639AF /* AlbumListViewController.swift in Sources */,
				3CE1B56526F46CF200D639AF /* AppDelegate.swift in Sources */,
				3CE1B57F26F47C4D00D639AF /* ImageCollectionViewCell.swift in Sources */,
				3CE1B57B26F4763100D639AF /* ImageZoomViewController.swift in Sources */,
				3CE1B57926F474AE00D639AF /* ImageListViewController.swift in Sources */,
				3CE1B56726F46CF200D639AF /* SceneDelegate.swift in Sources */,
			);
			runOnlyForDeploymentPostprocessing = 0;
		};
/* End PBXSourcesBuildPhase section */

/* Begin PBXVariantGroup section */
		3CE1B56A26F46CF200D639AF /* Main.storyboard */ = {
			isa = PBXVariantGroup;
			children = (
				3CE1B56B26F46CF200D639AF /* Base */,
			);
			name = Main.storyboard;
			sourceTree = "<group>";
		};
		3CE1B56F26F46CF300D639AF /* LaunchScreen.storyboard */ = {
			isa = PBXVariantGroup;
			children = (
				3CE1B57026F46CF300D639AF /* Base */,
			);
			name = LaunchScreen.storyboard;
			sourceTree = "<group>";
		};
/* End PBXVariantGroup section */

/* Begin XCBuildConfiguration section */
		3CE1B57326F46CF300D639AF /* Debug */ = {
			isa = XCBuildConfiguration;
			buildSettings = {
				ALWAYS_SEARCH_USER_PATHS = NO;
				CLANG_ANALYZER_NONNULL = YES;
				CLANG_ANALYZER_NUMBER_OBJECT_CONVERSION = YES_AGGRESSIVE;
				CLANG_CXX_LANGUAGE_STANDARD = "gnu++14";
				CLANG_CXX_LIBRARY = "libc++";
				CLANG_ENABLE_MODULES = YES;
				CLANG_ENABLE_OBJC_ARC = YES;
				CLANG_ENABLE_OBJC_WEAK = YES;
				CLANG_WARN_BLOCK_CAPTURE_AUTORELEASING = YES;
				CLANG_WARN_BOOL_CONVERSION = YES;
				CLANG_WARN_COMMA = YES;
				CLANG_WARN_CONSTANT_CONVERSION = YES;
				CLANG_WARN_DEPRECATED_OBJC_IMPLEMENTATIONS = YES;
				CLANG_WARN_DIRECT_OBJC_ISA_USAGE = YES_ERROR;
				CLANG_WARN_DOCUMENTATION_COMMENTS = YES;
				CLANG_WARN_EMPTY_BODY = YES;
				CLANG_WARN_ENUM_CONVERSION = YES;
				CLANG_WARN_INFINITE_RECURSION = YES;
				CLANG_WARN_INT_CONVERSION = YES;
				CLANG_WARN_NON_LITERAL_NULL_CONVERSION = YES;
				CLANG_WARN_OBJC_IMPLICIT_RETAIN_SELF = YES;
				CLANG_WARN_OBJC_LITERAL_CONVERSION = YES;
				CLANG_WARN_OBJC_ROOT_CLASS = YES_ERROR;
				CLANG_WARN_QUOTED_INCLUDE_IN_FRAMEWORK_HEADER = YES;
				CLANG_WARN_RANGE_LOOP_ANALYSIS = YES;
				CLANG_WARN_STRICT_PROTOTYPES = YES;
				CLANG_WARN_SUSPICIOUS_MOVE = YES;
				CLANG_WARN_UNGUARDED_AVAILABILITY = YES_AGGRESSIVE;
				CLANG_WARN_UNREACHABLE_CODE = YES;
				CLANG_WARN__DUPLICATE_METHOD_MATCH = YES;
				COPY_PHASE_STRIP = NO;
				DEBUG_INFORMATION_FORMAT = dwarf;
				ENABLE_STRICT_OBJC_MSGSEND = YES;
				ENABLE_TESTABILITY = YES;
				GCC_C_LANGUAGE_STANDARD = gnu11;
				GCC_DYNAMIC_NO_PIC = NO;
				GCC_NO_COMMON_BLOCKS = YES;
				GCC_OPTIMIZATION_LEVEL = 0;
				GCC_PREPROCESSOR_DEFINITIONS = (
					"DEBUG=1",
					"$(inherited)",
				);
				GCC_WARN_64_TO_32_BIT_CONVERSION = YES;
				GCC_WARN_ABOUT_RETURN_TYPE = YES_ERROR;
				GCC_WARN_UNDECLARED_SELECTOR = YES;
				GCC_WARN_UNINITIALIZED_AUTOS = YES_AGGRESSIVE;
				GCC_WARN_UNUSED_FUNCTION = YES;
				GCC_WARN_UNUSED_VARIABLE = YES;
				IPHONEOS_DEPLOYMENT_TARGET = 14.5;
				MTL_ENABLE_DEBUG_INFO = INCLUDE_SOURCE;
				MTL_FAST_MATH = YES;
				ONLY_ACTIVE_ARCH = YES;
				SDKROOT = iphoneos;
				SWIFT_ACTIVE_COMPILATION_CONDITIONS = DEBUG;
				SWIFT_OPTIMIZATION_LEVEL = "-Onone";
			};
			name = Debug;
		};
		3CE1B57426F46CF300D639AF /* Release */ = {
			isa = XCBuildConfiguration;
			buildSettings = {
				ALWAYS_SEARCH_USER_PATHS = NO;
				CLANG_ANALYZER_NONNULL = YES;
				CLANG_ANALYZER_NUMBER_OBJECT_CONVERSION = YES_AGGRESSIVE;
				CLANG_CXX_LANGUAGE_STANDARD = "gnu++14";
				CLANG_CXX_LIBRARY = "libc++";
				CLANG_ENABLE_MODULES = YES;
				CLANG_ENABLE_OBJC_ARC = YES;
				CLANG_ENABLE_OBJC_WEAK = YES;
				CLANG_WARN_BLOCK_CAPTURE_AUTORELEASING = YES;
				CLANG_WARN_BOOL_CONVERSION = YES;
				CLANG_WARN_COMMA = YES;
				CLANG_WARN_CONSTANT_CONVERSION = YES;
				CLANG_WARN_DEPRECATED_OBJC_IMPLEMENTATIONS = YES;
				CLANG_WARN_DIRECT_OBJC_ISA_USAGE = YES_ERROR;
				CLANG_WARN_DOCUMENTATION_COMMENTS = YES;
				CLANG_WARN_EMPTY_BODY = YES;
				CLANG_WARN_ENUM_CONVERSION = YES;
				CLANG_WARN_INFINITE_RECURSION = YES;
				CLANG_WARN_INT_CONVERSION = YES;
				CLANG_WARN_NON_LITERAL_NULL_CONVERSION = YES;
				CLANG_WARN_OBJC_IMPLICIT_RETAIN_SELF = YES;
				CLANG_WARN_OBJC_LITERAL_CONVERSION = YES;
				CLANG_WARN_OBJC_ROOT_CLASS = YES_ERROR;
				CLANG_WARN_QUOTED_INCLUDE_IN_FRAMEWORK_HEADER = YES;
				CLANG_WARN_RANGE_LOOP_ANALYSIS = YES;
				CLANG_WARN_STRICT_PROTOTYPES = YES;
				CLANG_WARN_SUSPICIOUS_MOVE = YES;
				CLANG_WARN_UNGUARDED_AVAILABILITY = YES_AGGRESSIVE;
				CLANG_WARN_UNREACHABLE_CODE = YES;
				CLANG_WARN__DUPLICATE_METHOD_MATCH = YES;
				COPY_PHASE_STRIP = NO;
				DEBUG_INFORMATION_FORMAT = "dwarf-with-dsym";
				ENABLE_NS_ASSERTIONS = NO;
				ENABLE_STRICT_OBJC_MSGSEND = YES;
				GCC_C_LANGUAGE_STANDARD = gnu11;
				GCC_NO_COMMON_BLOCKS = YES;
				GCC_WARN_64_TO_32_BIT_CONVERSION = YES;
				GCC_WARN_ABOUT_RETURN_TYPE = YES_ERROR;
				GCC_WARN_UNDECLARED_SELECTOR = YES;
				GCC_WARN_UNINITIALIZED_AUTOS = YES_AGGRESSIVE;
				GCC_WARN_UNUSED_FUNCTION = YES;
				GCC_WARN_UNUSED_VARIABLE = YES;
				IPHONEOS_DEPLOYMENT_TARGET = 14.5;
				MTL_ENABLE_DEBUG_INFO = NO;
				MTL_FAST_MATH = YES;
				SDKROOT = iphoneos;
				SWIFT_COMPILATION_MODE = wholemodule;
				SWIFT_OPTIMIZATION_LEVEL = "-O";
				VALIDATE_PRODUCT = YES;
			};
			name = Release;
		};
		3CE1B57626F46CF300D639AF /* Debug */ = {
			isa = XCBuildConfiguration;
			buildSettings = {
				ASSETCATALOG_COMPILER_APPICON_NAME = AppIcon;
				ASSETCATALOG_COMPILER_GLOBAL_ACCENT_COLOR_NAME = AccentColor;
				CODE_SIGN_STYLE = Automatic;
				DEVELOPMENT_TEAM = 2W776SPR4X;
				INFOPLIST_FILE = MyAlbum/Info.plist;
				IPHONEOS_DEPLOYMENT_TARGET = 13.0;
				LD_RUNPATH_SEARCH_PATHS = (
					"$(inherited)",
					"@executable_path/Frameworks",
				);
				PRODUCT_BUNDLE_IDENTIFIER = z3ro.MyAlbum;
				PRODUCT_NAME = "$(TARGET_NAME)";
				SWIFT_VERSION = 5.0;
				TARGETED_DEVICE_FAMILY = 1;
			};
			name = Debug;
		};
		3CE1B57726F46CF300D639AF /* Release */ = {
			isa = XCBuildConfiguration;
			buildSettings = {
				ASSETCATALOG_COMPILER_APPICON_NAME = AppIcon;
				ASSETCATALOG_COMPILER_GLOBAL_ACCENT_COLOR_NAME = AccentColor;
				CODE_SIGN_STYLE = Automatic;
				DEVELOPMENT_TEAM = 2W776SPR4X;
				INFOPLIST_FILE = MyAlbum/Info.plist;
				IPHONEOS_DEPLOYMENT_TARGET = 13.0;
				LD_RUNPATH_SEARCH_PATHS = (
					"$(inherited)",
					"@executable_path/Frameworks",
				);
				PRODUCT_BUNDLE_IDENTIFIER = z3ro.MyAlbum;
				PRODUCT_NAME = "$(TARGET_NAME)";
				SWIFT_VERSION = 5.0;
				TARGETED_DEVICE_FAMILY = 1;
			};
			name = Release;
		};
/* End XCBuildConfiguration section */

/* Begin XCConfigurationList section */
		3CE1B55C26F46CF200D639AF /* Build configuration list for PBXProject "MyAlbum" */ = {
			isa = XCConfigurationList;
			buildConfigurations = (
				3CE1B57326F46CF300D639AF /* Debug */,
				3CE1B57426F46CF300D639AF /* Release */,
			);
			defaultConfigurationIsVisible = 0;
			defaultConfigurationName = Release;
		};
		3CE1B57526F46CF300D639AF /* Build configuration list for PBXNativeTarget "MyAlbum" */ = {
			isa = XCConfigurationList;
			buildConfigurations = (
				3CE1B57626F46CF300D639AF /* Debug */,
				3CE1B57726F46CF300D639AF /* Release */,
			);
			defaultConfigurationIsVisible = 0;
			defaultConfigurationName = Release;
		};
/* End XCConfigurationList section */
	};
	rootObject = 3CE1B55926F46CF200D639AF /* Project object */;
}
